
Microsoft Visual Studio Solution File, Format Version 12.00
# Visual Studio Version 16
VisualStudioVersion = 16.0.31112.23
MinimumVisualStudioVersion = 10.0.40219.1
Project("{FAE04EC0-301F-11D3-BF4B-00C04F79EFBC}") = "CursosOnLine.Dominio.Testes", "CursosOnLine.Dominio.Testes\CursosOnLine.Dominio.Testes.csproj", "{D2606620-5587-48CE-8A7D-9EAD343F459A}"
EndProject
Project("{2150E333-8FDC-42A3-9474-1A3956D46DE8}") = "src", "src", "{91ED459F-F721-41DC-BF03-1D114862841C}"
EndProject
Project("{2150E333-8FDC-42A3-9474-1A3956D46DE8}") = "testes", "testes", "{994A8170-CDF2-4DB4-8FEE-C8C06D41BAC0}"
EndProject
Project("{FAE04EC0-301F-11D3-BF4B-00C04F79EFBC}") = "Cursos.OnLine.Dominio", "Cursos.OnLine.Dominio\Cursos.OnLine.Dominio.csproj", "{11A5DA1B-3BB5-41D1-9034-B0C13060B252}"
EndProject
Global
	GlobalSection(SolutionConfigurationPlatforms) = preSolution
		Debug|Any CPU = Debug|Any CPU
		Release|Any CPU = Release|Any CPU
	EndGlobalSection
	GlobalSection(ProjectConfigurationPlatforms) = postSolution
		{D2606620-5587-48CE-8A7D-9EAD343F459A}.Debug|Any CPU.ActiveCfg = Debug|Any CPU
		{D2606620-5587-48CE-8A7D-9EAD343F459A}.Debug|Any CPU.Build.0 = Debug|Any CPU
		{D2606620-5587-48CE-8A7D-9EAD343F459A}.Release|Any CPU.ActiveCfg = Release|Any CPU
		{D2606620-5587-48CE-8A7D-9EAD343F459A}.Release|Any CPU.Build.0 = Release|Any CPU
		{11A5DA1B-3BB5-41D1-9034-B0C13060B252}.Debug|Any CPU.ActiveCfg = Debug|Any CPU
		{11A5DA1B-3BB5-41D1-9034-B0C13060B252}.Debug|Any CPU.Build.0 = Debug|Any CPU
		{11A5DA1B-3BB5-41D1-9034-B0C13060B252}.Release|Any CPU.ActiveCfg = Release|Any CPU
		{11A5DA1B-3BB5-41D1-9034-B0C13060B252}.Release|Any CPU.Build.0 = Release|Any CPU
	EndGlobalSection
	GlobalSection(SolutionProperties) = preSolution
		HideSolutionNode = FALSE
	EndGlobalSection
	GlobalSection(NestedProjects) = preSolution
		{D2606620-5587-48CE-8A7D-9EAD343F459A} = {994A8170-CDF2-4DB4-8FEE-C8C06D41BAC0}
		{11A5DA1B-3BB5-41D1-9034-B0C13060B252} = {91ED459F-F721-41DC-BF03-1D114862841C}
	EndGlobalSection
	GlobalSection(ExtensibilityGlobals) = postSolution
		SolutionGuid = {C2DC7903-F8DB-4605-872C-4D7B914FD107}
	EndGlobalSection
EndGlobal
